
Microsoft Visual Studio Solution File, Format Version 12.00
# Visual Studio Version 16
VisualStudioVersion = 16.0.32630.194
MinimumVisualStudioVersion = 10.0.40219.1
Project("{FAE04EC0-301F-11D3-BF4B-00C04F79EFBC}") = "Anisimov", "Anisimov.csproj", "{701B9405-5AB3-47B5-8045-A7B28828A3B8}"
EndProject
Global
	GlobalSection(SolutionConfigurationPlatforms) = preSolution
		Debug|Any CPU = Debug|Any CPU
		Release|Any CPU = Release|Any CPU
	EndGlobalSection
	GlobalSection(ProjectConfigurationPlatforms) = postSolution
		{701B9405-5AB3-47B5-8045-A7B28828A3B8}.Debug|Any CPU.ActiveCfg = Debug|Any CPU
		{701B9405-5AB3-47B5-8045-A7B28828A3B8}.Debug|Any CPU.Build.0 = Debug|Any CPU
		{701B9405-5AB3-47B5-8045-A7B28828A3B8}.Release|Any CPU.ActiveCfg = Release|Any CPU
		{701B9405-5AB3-47B5-8045-A7B28828A3B8}.Release|Any CPU.Build.0 = Release|Any CPU
	EndGlobalSection
	GlobalSection(SolutionProperties) = preSolution
		HideSolutionNode = FALSE
	EndGlobalSection
	GlobalSection(ExtensibilityGlobals) = postSolution
		SolutionGuid = {93D26988-39EB-4118-BDE1-3393A0680D6E}
	EndGlobalSection
EndGlobal
